
Microsoft Visual Studio Solution File, Format Version 12.00
# Visual Studio Version 17
VisualStudioVersion = 17.6.33815.320
MinimumVisualStudioVersion = 10.0.40219.1
Project("{FAE04EC0-301F-11D3-BF4B-00C04F79EFBC}") = "MagicVilla_API", "MagicVilla_API\MagicVilla_API.csproj", "{3E1F0ED6-2E88-4C52-B84B-2443786683B7}"
EndProject
Global
	GlobalSection(SolutionConfigurationPlatforms) = preSolution
		Debug|Any CPU = Debug|Any CPU
		Release|Any CPU = Release|Any CPU
	EndGlobalSection
	GlobalSection(ProjectConfigurationPlatforms) = postSolution
		{3E1F0ED6-2E88-4C52-B84B-2443786683B7}.Debug|Any CPU.ActiveCfg = Debug|Any CPU
		{3E1F0ED6-2E88-4C52-B84B-2443786683B7}.Debug|Any CPU.Build.0 = Debug|Any CPU
		{3E1F0ED6-2E88-4C52-B84B-2443786683B7}.Release|Any CPU.ActiveCfg = Release|Any CPU
		{3E1F0ED6-2E88-4C52-B84B-2443786683B7}.Release|Any CPU.Build.0 = Release|Any CPU
	EndGlobalSection
	GlobalSection(SolutionProperties) = preSolution
		HideSolutionNode = FALSE
	EndGlobalSection
	GlobalSection(ExtensibilityGlobals) = postSolution
		SolutionGuid = {353EA61B-8838-45D4-B0AC-5B88F49B70AF}
	EndGlobalSection
EndGlobal
